// !$*UTF8*$!
{
	archiveVersion = 1;
	classes = {
	};
	objectVersion = 46;
	objects = {

/* Begin PBXBuildFile section */
		A13B49711BC809EE0055A4D0 /* Clock.swift in Sources */ = {isa = PBXBuildFile; fileRef = A13B49701BC809EE0055A4D0 /* Clock.swift */; };
		A1E451B01BC7FD53000A6675 /* AppDelegate.swift in Sources */ = {isa = PBXBuildFile; fileRef = A1E451AF1BC7FD53000A6675 /* AppDelegate.swift */; };
		A1E451B21BC7FD53000A6675 /* ViewController.swift in Sources */ = {isa = PBXBuildFile; fileRef = A1E451B11BC7FD53000A6675 /* ViewController.swift */; };
		A1E451B51BC7FD53000A6675 /* Main.storyboard in Resources */ = {isa = PBXBuildFile; fileRef = A1E451B31BC7FD53000A6675 /* Main.storyboard */; };
		A1E451B71BC7FD53000A6675 /* Assets.xcassets in Resources */ = {isa = PBXBuildFile; fileRef = A1E451B61BC7FD53000A6675 /* Assets.xcassets */; };
		A1E451BA1BC7FD53000A6675 /* LaunchScreen.storyboard in Resources */ = {isa = PBXBuildFile; fileRef = A1E451B81BC7FD53000A6675 /* LaunchScreen.storyboard */; };
		A1E451BF1BC7FD53000A6675 /* Seconds WatchKit App.app in Embed Watch Content */ = {isa = PBXBuildFile; fileRef = A1E451BE1BC7FD53000A6675 /* Seconds WatchKit App.app */; };
		A1E451C51BC7FD53000A6675 /* Interface.storyboard in Resources */ = {isa = PBXBuildFile; fileRef = A1E451C31BC7FD53000A6675 /* Interface.storyboard */; };
		A1E451C71BC7FD53000A6675 /* Assets.xcassets in Resources */ = {isa = PBXBuildFile; fileRef = A1E451C61BC7FD53000A6675 /* Assets.xcassets */; };
		A1E451CE1BC7FD53000A6675 /* Seconds WatchKit Extension.appex in Embed App Extensions */ = {isa = PBXBuildFile; fileRef = A1E451CD1BC7FD53000A6675 /* Seconds WatchKit Extension.appex */; settings = {ATTRIBUTES = (RemoveHeadersOnCopy, ); }; };
		A1E451D51BC7FD53000A6675 /* InterfaceController.swift in Sources */ = {isa = PBXBuildFile; fileRef = A1E451D41BC7FD53000A6675 /* InterfaceController.swift */; };
		A1E451D71BC7FD53000A6675 /* ExtensionDelegate.swift in Sources */ = {isa = PBXBuildFile; fileRef = A1E451D61BC7FD53000A6675 /* ExtensionDelegate.swift */; };
		A1E451D91BC7FD53000A6675 /* NotificationController.swift in Sources */ = {isa = PBXBuildFile; fileRef = A1E451D81BC7FD53000A6675 /* NotificationController.swift */; };
		A1E451DB1BC7FD53000A6675 /* GlanceController.swift in Sources */ = {isa = PBXBuildFile; fileRef = A1E451DA1BC7FD53000A6675 /* GlanceController.swift */; };
		A1E451DD1BC7FD53000A6675 /* ComplicationController.swift in Sources */ = {isa = PBXBuildFile; fileRef = A1E451DC1BC7FD53000A6675 /* ComplicationController.swift */; };
		A1E451DF1BC7FD53000A6675 /* Assets.xcassets in Resources */ = {isa = PBXBuildFile; fileRef = A1E451DE1BC7FD53000A6675 /* Assets.xcassets */; };
		A1EA115C1BE25B0300B07236 /* ClockWatch.swift in Sources */ = {isa = PBXBuildFile; fileRef = A1EA115B1BE25B0300B07236 /* ClockWatch.swift */; };
		A1EA115D1BE25B0300B07236 /* ClockWatch.swift in Sources */ = {isa = PBXBuildFile; fileRef = A1EA115B1BE25B0300B07236 /* ClockWatch.swift */; };
		A1EA11691BE2F44600B07236 /* AppDelegate.swift in Sources */ = {isa = PBXBuildFile; fileRef = A1EA11681BE2F44600B07236 /* AppDelegate.swift */; };
		A1EA116B1BE2F44600B07236 /* ViewController.swift in Sources */ = {isa = PBXBuildFile; fileRef = A1EA116A1BE2F44600B07236 /* ViewController.swift */; };
		A1EA116E1BE2F44600B07236 /* SecondsTV.xcdatamodeld in Sources */ = {isa = PBXBuildFile; fileRef = A1EA116C1BE2F44600B07236 /* SecondsTV.xcdatamodeld */; };
		A1EA11711BE2F44600B07236 /* Main.storyboard in Resources */ = {isa = PBXBuildFile; fileRef = A1EA116F1BE2F44600B07236 /* Main.storyboard */; };
		A1EA11731BE2F44700B07236 /* Assets.xcassets in Resources */ = {isa = PBXBuildFile; fileRef = A1EA11721BE2F44700B07236 /* Assets.xcassets */; };
		A1EA117C1BE2F84E00B07236 /* ClockTV.swift in Sources */ = {isa = PBXBuildFile; fileRef = A1EA117B1BE2F84E00B07236 /* ClockTV.swift */; };
		A1EA117D1BE2F84E00B07236 /* ClockTV.swift in Sources */ = {isa = PBXBuildFile; fileRef = A1EA117B1BE2F84E00B07236 /* ClockTV.swift */; };
		A1FB55001BCEF9300074EB6F /* iAd.framework in Frameworks */ = {isa = PBXBuildFile; fileRef = A1FB54FF1BCEF9300074EB6F /* iAd.framework */; };
/* End PBXBuildFile section */

/* Begin PBXContainerItemProxy section */
		A1E451C01BC7FD53000A6675 /* PBXContainerItemProxy */ = {
			isa = PBXContainerItemProxy;
			containerPortal = A1E451A41BC7FD53000A6675 /* Project object */;
			proxyType = 1;
			remoteGlobalIDString = A1E451BD1BC7FD53000A6675;
			remoteInfo = "Seconds WatchKit App";
		};
		A1E451CF1BC7FD53000A6675 /* PBXContainerItemProxy */ = {
			isa = PBXContainerItemProxy;
			containerPortal = A1E451A41BC7FD53000A6675 /* Project object */;
			proxyType = 1;
			remoteGlobalIDString = A1E451CC1BC7FD53000A6675;
			remoteInfo = "Seconds WatchKit Extension";
		};
/* End PBXContainerItemProxy section */

/* Begin PBXCopyFilesBuildPhase section */
		A1E451E61BC7FD53000A6675 /* Embed App Extensions */ = {
			isa = PBXCopyFilesBuildPhase;
			buildActionMask = 2147483647;
			dstPath = "";
			dstSubfolderSpec = 13;
			files = (
				A1E451CE1BC7FD53000A6675 /* Seconds WatchKit Extension.appex in Embed App Extensions */,
			);
			name = "Embed App Extensions";
			runOnlyForDeploymentPostprocessing = 0;
		};
		A1E451EA1BC7FD53000A6675 /* Embed Watch Content */ = {
			isa = PBXCopyFilesBuildPhase;
			buildActionMask = 2147483647;
			dstPath = "$(CONTENTS_FOLDER_PATH)/Watch";
			dstSubfolderSpec = 16;
			files = (
				A1E451BF1BC7FD53000A6675 /* Seconds WatchKit App.app in Embed Watch Content */,
			);
			name = "Embed Watch Content";
			runOnlyForDeploymentPostprocessing = 0;
		};
/* End PBXCopyFilesBuildPhase section */

/* Begin PBXFileReference section */
		A13B49701BC809EE0055A4D0 /* Clock.swift */ = {isa = PBXFileReference; fileEncoding = 4; lastKnownFileType = sourcecode.swift; path = Clock.swift; sourceTree = "<group>"; };
		A1E451AC1BC7FD53000A6675 /* Seconds.app */ = {isa = PBXFileReference; explicitFileType = wrapper.application; includeInIndex = 0; path = Seconds.app; sourceTree = BUILT_PRODUCTS_DIR; };
		A1E451AF1BC7FD53000A6675 /* AppDelegate.swift */ = {isa = PBXFileReference; lastKnownFileType = sourcecode.swift; path = AppDelegate.swift; sourceTree = "<group>"; };
		A1E451B11BC7FD53000A6675 /* ViewController.swift */ = {isa = PBXFileReference; lastKnownFileType = sourcecode.swift; path = ViewController.swift; sourceTree = "<group>"; };
		A1E451B41BC7FD53000A6675 /* Base */ = {isa = PBXFileReference; lastKnownFileType = file.storyboard; name = Base; path = Base.lproj/Main.storyboard; sourceTree = "<group>"; };
		A1E451B61BC7FD53000A6675 /* Assets.xcassets */ = {isa = PBXFileReference; lastKnownFileType = folder.assetcatalog; path = Assets.xcassets; sourceTree = "<group>"; };
		A1E451B91BC7FD53000A6675 /* Base */ = {isa = PBXFileReference; lastKnownFileType = file.storyboard; name = Base; path = Base.lproj/LaunchScreen.storyboard; sourceTree = "<group>"; };
		A1E451BB1BC7FD53000A6675 /* Info.plist */ = {isa = PBXFileReference; lastKnownFileType = text.plist.xml; path = Info.plist; sourceTree = "<group>"; };
		A1E451BE1BC7FD53000A6675 /* Seconds WatchKit App.app */ = {isa = PBXFileReference; explicitFileType = wrapper.application; includeInIndex = 0; path = "Seconds WatchKit App.app"; sourceTree = BUILT_PRODUCTS_DIR; };
		A1E451C41BC7FD53000A6675 /* Base */ = {isa = PBXFileReference; lastKnownFileType = file.storyboard; name = Base; path = Base.lproj/Interface.storyboard; sourceTree = "<group>"; };
		A1E451C61BC7FD53000A6675 /* Assets.xcassets */ = {isa = PBXFileReference; lastKnownFileType = folder.assetcatalog; path = Assets.xcassets; sourceTree = "<group>"; };
		A1E451C81BC7FD53000A6675 /* Info.plist */ = {isa = PBXFileReference; lastKnownFileType = text.plist.xml; path = Info.plist; sourceTree = "<group>"; };
		A1E451CD1BC7FD53000A6675 /* Seconds WatchKit Extension.appex */ = {isa = PBXFileReference; explicitFileType = "wrapper.app-extension"; includeInIndex = 0; path = "Seconds WatchKit Extension.appex"; sourceTree = BUILT_PRODUCTS_DIR; };
		A1E451D31BC7FD53000A6675 /* PushNotificationPayload.apns */ = {isa = PBXFileReference; lastKnownFileType = text; path = PushNotificationPayload.apns; sourceTree = "<group>"; };
		A1E451D41BC7FD53000A6675 /* InterfaceController.swift */ = {isa = PBXFileReference; lastKnownFileType = sourcecode.swift; path = InterfaceController.swift; sourceTree = "<group>"; };
		A1E451D61BC7FD53000A6675 /* ExtensionDelegate.swift */ = {isa = PBXFileReference; lastKnownFileType = sourcecode.swift; path = ExtensionDelegate.swift; sourceTree = "<group>"; };
		A1E451D81BC7FD53000A6675 /* NotificationController.swift */ = {isa = PBXFileReference; lastKnownFileType = sourcecode.swift; path = NotificationController.swift; sourceTree = "<group>"; };
		A1E451DA1BC7FD53000A6675 /* GlanceController.swift */ = {isa = PBXFileReference; lastKnownFileType = sourcecode.swift; path = GlanceController.swift; sourceTree = "<group>"; };
		A1E451DC1BC7FD53000A6675 /* ComplicationController.swift */ = {isa = PBXFileReference; lastKnownFileType = sourcecode.swift; path = ComplicationController.swift; sourceTree = "<group>"; };
		A1E451DE1BC7FD53000A6675 /* Assets.xcassets */ = {isa = PBXFileReference; lastKnownFileType = folder.assetcatalog; path = Assets.xcassets; sourceTree = "<group>"; };
		A1E451E01BC7FD53000A6675 /* Info.plist */ = {isa = PBXFileReference; lastKnownFileType = text.plist.xml; path = Info.plist; sourceTree = "<group>"; };
		A1EA115B1BE25B0300B07236 /* ClockWatch.swift */ = {isa = PBXFileReference; fileEncoding = 4; lastKnownFileType = sourcecode.swift; name = ClockWatch.swift; path = "Seconds WatchKit Extension/ClockWatch.swift"; sourceTree = SOURCE_ROOT; };
		A1EA11661BE2F44600B07236 /* SecondsTV.app */ = {isa = PBXFileReference; explicitFileType = wrapper.application; includeInIndex = 0; path = SecondsTV.app; sourceTree = BUILT_PRODUCTS_DIR; };
		A1EA11681BE2F44600B07236 /* AppDelegate.swift */ = {isa = PBXFileReference; lastKnownFileType = sourcecode.swift; path = AppDelegate.swift; sourceTree = "<group>"; };
		A1EA116A1BE2F44600B07236 /* ViewController.swift */ = {isa = PBXFileReference; lastKnownFileType = sourcecode.swift; path = ViewController.swift; sourceTree = "<group>"; };
		A1EA116D1BE2F44600B07236 /* SecondsTV.xcdatamodel */ = {isa = PBXFileReference; lastKnownFileType = wrapper.xcdatamodel; path = SecondsTV.xcdatamodel; sourceTree = "<group>"; };
		A1EA11701BE2F44600B07236 /* Base */ = {isa = PBXFileReference; lastKnownFileType = file.storyboard; name = Base; path = Base.lproj/Main.storyboard; sourceTree = "<group>"; };
		A1EA11721BE2F44700B07236 /* Assets.xcassets */ = {isa = PBXFileReference; lastKnownFileType = folder.assetcatalog; path = Assets.xcassets; sourceTree = "<group>"; };
		A1EA11741BE2F44700B07236 /* Info.plist */ = {isa = PBXFileReference; lastKnownFileType = text.plist.xml; path = Info.plist; sourceTree = "<group>"; };
		A1EA117B1BE2F84E00B07236 /* ClockTV.swift */ = {isa = PBXFileReference; fileEncoding = 4; lastKnownFileType = sourcecode.swift; name = ClockTV.swift; path = SecondsTV/ClockTV.swift; sourceTree = SOURCE_ROOT; };
		A1FB54FF1BCEF9300074EB6F /* iAd.framework */ = {isa = PBXFileReference; lastKnownFileType = wrapper.framework; name = iAd.framework; path = System/Library/Frameworks/iAd.framework; sourceTree = SDKROOT; };
/* End PBXFileReference section */

/* Begin PBXFrameworksBuildPhase section */
		A1E451A91BC7FD53000A6675 /* Frameworks */ = {
			isa = PBXFrameworksBuildPhase;
			buildActionMask = 2147483647;
			files = (
				A1FB55001BCEF9300074EB6F /* iAd.framework in Frameworks */,
			);
			runOnlyForDeploymentPostprocessing = 0;
		};
		A1E451CA1BC7FD53000A6675 /* Frameworks */ = {
			isa = PBXFrameworksBuildPhase;
			buildActionMask = 2147483647;
			files = (
			);
			runOnlyForDeploymentPostprocessing = 0;
		};
		A1EA11631BE2F44600B07236 /* Frameworks */ = {
			isa = PBXFrameworksBuildPhase;
			buildActionMask = 2147483647;
			files = (
			);
			runOnlyForDeploymentPostprocessing = 0;
		};
/* End PBXFrameworksBuildPhase section */

/* Begin PBXGroup section */
		A1E451A31BC7FD53000A6675 = {
			isa = PBXGroup;
			children = (
				A1FB54FF1BCEF9300074EB6F /* iAd.framework */,
				A1E451AE1BC7FD53000A6675 /* Seconds */,
				A1E451C21BC7FD53000A6675 /* Seconds */,
				A1E451D11BC7FD53000A6675 /* Seconds */,
				A1EA11671BE2F44600B07236 /* SecondsTV */,
				A1E451AD1BC7FD53000A6675 /* Products */,
			);
			sourceTree = "<group>";
		};
		A1E451AD1BC7FD53000A6675 /* Products */ = {
			isa = PBXGroup;
			children = (
				A1E451AC1BC7FD53000A6675 /* Seconds.app */,
				A1E451BE1BC7FD53000A6675 /* Seconds WatchKit App.app */,
				A1E451CD1BC7FD53000A6675 /* Seconds WatchKit Extension.appex */,
				A1EA11661BE2F44600B07236 /* SecondsTV.app */,
			);
			name = Products;
			sourceTree = "<group>";
		};
		A1E451AE1BC7FD53000A6675 /* Seconds */ = {
			isa = PBXGroup;
			children = (
				A1E451AF1BC7FD53000A6675 /* AppDelegate.swift */,
				A1E451B11BC7FD53000A6675 /* ViewController.swift */,
				A13B49701BC809EE0055A4D0 /* Clock.swift */,
				A1E451B31BC7FD53000A6675 /* Main.storyboard */,
				A1E451B61BC7FD53000A6675 /* Assets.xcassets */,
				A1E451B81BC7FD53000A6675 /* LaunchScreen.storyboard */,
				A1E451BB1BC7FD53000A6675 /* Info.plist */,
			);
			path = Seconds;
			sourceTree = "<group>";
		};
		A1E451C21BC7FD53000A6675 /* Seconds */ = {
			isa = PBXGroup;
			children = (
				A1E451C31BC7FD53000A6675 /* Interface.storyboard */,
				A1E451C61BC7FD53000A6675 /* Assets.xcassets */,
				A1E451C81BC7FD53000A6675 /* Info.plist */,
			);
			name = Seconds;
			path = "Seconds WatchKit App";
			sourceTree = "<group>";
		};
		A1E451D11BC7FD53000A6675 /* Seconds */ = {
			isa = PBXGroup;
			children = (
				A1E451D41BC7FD53000A6675 /* InterfaceController.swift */,
				A1EA115B1BE25B0300B07236 /* ClockWatch.swift */,
				A1E451D61BC7FD53000A6675 /* ExtensionDelegate.swift */,
				A1E451D81BC7FD53000A6675 /* NotificationController.swift */,
				A1E451DA1BC7FD53000A6675 /* GlanceController.swift */,
				A1E451DC1BC7FD53000A6675 /* ComplicationController.swift */,
				A1E451DE1BC7FD53000A6675 /* Assets.xcassets */,
				A1E451E01BC7FD53000A6675 /* Info.plist */,
				A1E451D21BC7FD53000A6675 /* Supporting Files */,
			);
			name = Seconds;
			path = "Seconds WatchKit Extension";
			sourceTree = "<group>";
		};
		A1E451D21BC7FD53000A6675 /* Supporting Files */ = {
			isa = PBXGroup;
			children = (
				A1E451D31BC7FD53000A6675 /* PushNotificationPayload.apns */,
			);
			name = "Supporting Files";
			sourceTree = "<group>";
		};
		A1EA11671BE2F44600B07236 /* SecondsTV */ = {
			isa = PBXGroup;
			children = (
				A1EA11681BE2F44600B07236 /* AppDelegate.swift */,
				A1EA116A1BE2F44600B07236 /* ViewController.swift */,
				A1EA117B1BE2F84E00B07236 /* ClockTV.swift */,
				A1EA116F1BE2F44600B07236 /* Main.storyboard */,
				A1EA11721BE2F44700B07236 /* Assets.xcassets */,
				A1EA11741BE2F44700B07236 /* Info.plist */,
				A1EA116C1BE2F44600B07236 /* SecondsTV.xcdatamodeld */,
			);
			path = SecondsTV;
			sourceTree = "<group>";
		};
/* End PBXGroup section */

/* Begin PBXNativeTarget section */
		A1E451AB1BC7FD53000A6675 /* Seconds */ = {
			isa = PBXNativeTarget;
			buildConfigurationList = A1E451EB1BC7FD53000A6675 /* Build configuration list for PBXNativeTarget "Seconds" */;
			buildPhases = (
				A1E451A81BC7FD53000A6675 /* Sources */,
				A1E451A91BC7FD53000A6675 /* Frameworks */,
				A1E451AA1BC7FD53000A6675 /* Resources */,
				A1E451EA1BC7FD53000A6675 /* Embed Watch Content */,
			);
			buildRules = (
			);
			dependencies = (
				A1E451C11BC7FD53000A6675 /* PBXTargetDependency */,
			);
			name = Seconds;
			productName = Seconds;
			productReference = A1E451AC1BC7FD53000A6675 /* Seconds.app */;
			productType = "com.apple.product-type.application";
		};
		A1E451BD1BC7FD53000A6675 /* Seconds WatchKit App */ = {
			isa = PBXNativeTarget;
			buildConfigurationList = A1E451E71BC7FD53000A6675 /* Build configuration list for PBXNativeTarget "Seconds WatchKit App" */;
			buildPhases = (
				A1E451BC1BC7FD53000A6675 /* Resources */,
				A1E451E61BC7FD53000A6675 /* Embed App Extensions */,
			);
			buildRules = (
			);
			dependencies = (
				A1E451D01BC7FD53000A6675 /* PBXTargetDependency */,
			);
			name = "Seconds WatchKit App";
			productName = "Seconds WatchKit App";
			productReference = A1E451BE1BC7FD53000A6675 /* Seconds WatchKit App.app */;
			productType = "com.apple.product-type.application.watchapp2";
		};
		A1E451CC1BC7FD53000A6675 /* Seconds WatchKit Extension */ = {
			isa = PBXNativeTarget;
			buildConfigurationList = A1E451E31BC7FD53000A6675 /* Build configuration list for PBXNativeTarget "Seconds WatchKit Extension" */;
			buildPhases = (
				A1E451C91BC7FD53000A6675 /* Sources */,
				A1E451CA1BC7FD53000A6675 /* Frameworks */,
				A1E451CB1BC7FD53000A6675 /* Resources */,
			);
			buildRules = (
			);
			dependencies = (
			);
			name = "Seconds WatchKit Extension";
			productName = "Seconds WatchKit Extension";
			productReference = A1E451CD1BC7FD53000A6675 /* Seconds WatchKit Extension.appex */;
			productType = "com.apple.product-type.watchkit2-extension";
		};
		A1EA11651BE2F44600B07236 /* SecondsTV */ = {
			isa = PBXNativeTarget;
			buildConfigurationList = A1EA11751BE2F44700B07236 /* Build configuration list for PBXNativeTarget "SecondsTV" */;
			buildPhases = (
				A1EA11621BE2F44600B07236 /* Sources */,
				A1EA11631BE2F44600B07236 /* Frameworks */,
				A1EA11641BE2F44600B07236 /* Resources */,
			);
			buildRules = (
			);
			dependencies = (
			);
			name = SecondsTV;
			productName = SecondsTV;
			productReference = A1EA11661BE2F44600B07236 /* SecondsTV.app */;
			productType = "com.apple.product-type.application";
		};
/* End PBXNativeTarget section */

/* Begin PBXProject section */
		A1E451A41BC7FD53000A6675 /* Project object */ = {
			isa = PBXProject;
			attributes = {
				LastSwiftUpdateCheck = 0710;
				LastUpgradeCheck = 0710;
				ORGANIZATIONNAME = "Nick Greenway";
				TargetAttributes = {
					A1E451AB1BC7FD53000A6675 = {
						CreatedOnToolsVersion = 7.1;
						DevelopmentTeam = XUK9L4M953;
					};
					A1E451BD1BC7FD53000A6675 = {
						CreatedOnToolsVersion = 7.1;
						DevelopmentTeam = XUK9L4M953;
					};
					A1E451CC1BC7FD53000A6675 = {
						CreatedOnToolsVersion = 7.1;
						DevelopmentTeam = XUK9L4M953;
					};
					A1EA11651BE2F44600B07236 = {
						CreatedOnToolsVersion = 7.1;
						DevelopmentTeam = XUK9L4M953;
					};
				};
			};
			buildConfigurationList = A1E451A71BC7FD53000A6675 /* Build configuration list for PBXProject "Seconds" */;
			compatibilityVersion = "Xcode 3.2";
			developmentRegion = English;
			hasScannedForEncodings = 0;
			knownRegions = (
				en,
				Base,
			);
			mainGroup = A1E451A31BC7FD53000A6675;
			productRefGroup = A1E451AD1BC7FD53000A6675 /* Products */;
			projectDirPath = "";
			projectRoot = "";
			targets = (
				A1E451AB1BC7FD53000A6675 /* Seconds */,
				A1E451BD1BC7FD53000A6675 /* Seconds WatchKit App */,
				A1E451CC1BC7FD53000A6675 /* Seconds WatchKit Extension */,
				A1EA11651BE2F44600B07236 /* SecondsTV */,
			);
		};
/* End PBXProject section */

/* Begin PBXResourcesBuildPhase section */
		A1E451AA1BC7FD53000A6675 /* Resources */ = {
			isa = PBXResourcesBuildPhase;
			buildActionMask = 2147483647;
			files = (
				A1E451BA1BC7FD53000A6675 /* LaunchScreen.storyboard in Resources */,
				A1E451B71BC7FD53000A6675 /* Assets.xcassets in Resources */,
				A1E451B51BC7FD53000A6675 /* Main.storyboard in Resources */,
			);
			runOnlyForDeploymentPostprocessing = 0;
		};
		A1E451BC1BC7FD53000A6675 /* Resources */ = {
			isa = PBXResourcesBuildPhase;
			buildActionMask = 2147483647;
			files = (
				A1E451C71BC7FD53000A6675 /* Assets.xcassets in Resources */,
				A1E451C51BC7FD53000A6675 /* Interface.storyboard in Resources */,
			);
			runOnlyForDeploymentPostprocessing = 0;
		};
		A1E451CB1BC7FD53000A6675 /* Resources */ = {
			isa = PBXResourcesBuildPhase;
			buildActionMask = 2147483647;
			files = (
				A1E451DF1BC7FD53000A6675 /* Assets.xcassets in Resources */,
			);
			runOnlyForDeploymentPostprocessing = 0;
		};
		A1EA11641BE2F44600B07236 /* Resources */ = {
			isa = PBXResourcesBuildPhase;
			buildActionMask = 2147483647;
			files = (
				A1EA11731BE2F44700B07236 /* Assets.xcassets in Resources */,
				A1EA11711BE2F44600B07236 /* Main.storyboard in Resources */,
			);
			runOnlyForDeploymentPostprocessing = 0;
		};
/* End PBXResourcesBuildPhase section */

/* Begin PBXSourcesBuildPhase section */
		A1E451A81BC7FD53000A6675 /* Sources */ = {
			isa = PBXSourcesBuildPhase;
			buildActionMask = 2147483647;
			files = (
				A13B49711BC809EE0055A4D0 /* Clock.swift in Sources */,
				A1E451B21BC7FD53000A6675 /* ViewController.swift in Sources */,
				A1EA117C1BE2F84E00B07236 /* ClockTV.swift in Sources */,
				A1EA115C1BE25B0300B07236 /* ClockWatch.swift in Sources */,
				A1E451B01BC7FD53000A6675 /* AppDelegate.swift in Sources */,
			);
			runOnlyForDeploymentPostprocessing = 0;
		};
		A1E451C91BC7FD53000A6675 /* Sources */ = {
			isa = PBXSourcesBuildPhase;
			buildActionMask = 2147483647;
			files = (
				A1EA115D1BE25B0300B07236 /* ClockWatch.swift in Sources */,
				A1E451D91BC7FD53000A6675 /* NotificationController.swift in Sources */,
				A1E451D71BC7FD53000A6675 /* ExtensionDelegate.swift in Sources */,
				A1E451DD1BC7FD53000A6675 /* ComplicationController.swift in Sources */,
				A1E451D51BC7FD53000A6675 /* InterfaceController.swift in Sources */,
				A1E451DB1BC7FD53000A6675 /* GlanceController.swift in Sources */,
			);
			runOnlyForDeploymentPostprocessing = 0;
		};
		A1EA11621BE2F44600B07236 /* Sources */ = {
			isa = PBXSourcesBuildPhase;
			buildActionMask = 2147483647;
			files = (
				A1EA116B1BE2F44600B07236 /* ViewController.swift in Sources */,
				A1EA11691BE2F44600B07236 /* AppDelegate.swift in Sources */,
				A1EA117D1BE2F84E00B07236 /* ClockTV.swift in Sources */,
				A1EA116E1BE2F44600B07236 /* SecondsTV.xcdatamodeld in Sources */,
			);
			runOnlyForDeploymentPostprocessing = 0;
		};
/* End PBXSourcesBuildPhase section */

/* Begin PBXTargetDependency section */
		A1E451C11BC7FD53000A6675 /* PBXTargetDependency */ = {
			isa = PBXTargetDependency;
			target = A1E451BD1BC7FD53000A6675 /* Seconds WatchKit App */;
			targetProxy = A1E451C01BC7FD53000A6675 /* PBXContainerItemProxy */;
		};
		A1E451D01BC7FD53000A6675 /* PBXTargetDependency */ = {
			isa = PBXTargetDependency;
			target = A1E451CC1BC7FD53000A6675 /* Seconds WatchKit Extension */;
			targetProxy = A1E451CF1BC7FD53000A6675 /* PBXContainerItemProxy */;
		};
/* End PBXTargetDependency section */

/* Begin PBXVariantGroup section */
		A1E451B31BC7FD53000A6675 /* Main.storyboard */ = {
			isa = PBXVariantGroup;
			children = (
				A1E451B41BC7FD53000A6675 /* Base */,
			);
			name = Main.storyboard;
			sourceTree = "<group>";
		};
		A1E451B81BC7FD53000A6675 /* LaunchScreen.storyboard */ = {
			isa = PBXVariantGroup;
			children = (
				A1E451B91BC7FD53000A6675 /* Base */,
			);
			name = LaunchScreen.storyboard;
			sourceTree = "<group>";
		};
		A1E451C31BC7FD53000A6675 /* Interface.storyboard */ = {
			isa = PBXVariantGroup;
			children = (
				A1E451C41BC7FD53000A6675 /* Base */,
			);
			name = Interface.storyboard;
			sourceTree = "<group>";
		};
		A1EA116F1BE2F44600B07236 /* Main.storyboard */ = {
			isa = PBXVariantGroup;
			children = (
				A1EA11701BE2F44600B07236 /* Base */,
			);
			name = Main.storyboard;
			sourceTree = "<group>";
		};
/* End PBXVariantGroup section */

/* Begin XCBuildConfiguration section */
		A1E451E11BC7FD53000A6675 /* Debug */ = {
			isa = XCBuildConfiguration;
			buildSettings = {
				ALWAYS_SEARCH_USER_PATHS = NO;
				CLANG_CXX_LANGUAGE_STANDARD = "gnu++0x";
				CLANG_CXX_LIBRARY = "libc++";
				CLANG_ENABLE_MODULES = YES;
				CLANG_ENABLE_OBJC_ARC = YES;
				CLANG_WARN_BOOL_CONVERSION = YES;
				CLANG_WARN_CONSTANT_CONVERSION = YES;
				CLANG_WARN_DIRECT_OBJC_ISA_USAGE = YES_ERROR;
				CLANG_WARN_EMPTY_BODY = YES;
				CLANG_WARN_ENUM_CONVERSION = YES;
				CLANG_WARN_INT_CONVERSION = YES;
				CLANG_WARN_OBJC_ROOT_CLASS = YES_ERROR;
				CLANG_WARN_UNREACHABLE_CODE = YES;
				CLANG_WARN__DUPLICATE_METHOD_MATCH = YES;
				"CODE_SIGN_IDENTITY[sdk=iphoneos*]" = "iPhone Developer";
				COPY_PHASE_STRIP = NO;
				DEBUG_INFORMATION_FORMAT = dwarf;
				ENABLE_STRICT_OBJC_MSGSEND = YES;
				ENABLE_TESTABILITY = YES;
				GCC_C_LANGUAGE_STANDARD = gnu99;
				GCC_DYNAMIC_NO_PIC = NO;
				GCC_NO_COMMON_BLOCKS = YES;
				GCC_OPTIMIZATION_LEVEL = 0;
				GCC_PREPROCESSOR_DEFINITIONS = (
					"DEBUG=1",
					"$(inherited)",
				);
				GCC_WARN_64_TO_32_BIT_CONVERSION = YES;
				GCC_WARN_ABOUT_RETURN_TYPE = YES_ERROR;
				GCC_WARN_UNDECLARED_SELECTOR = YES;
				GCC_WARN_UNINITIALIZED_AUTOS = YES_AGGRESSIVE;
				GCC_WARN_UNUSED_FUNCTION = YES;
				GCC_WARN_UNUSED_VARIABLE = YES;
				IPHONEOS_DEPLOYMENT_TARGET = 9.0;
				MTL_ENABLE_DEBUG_INFO = YES;
				ONLY_ACTIVE_ARCH = YES;
				SDKROOT = iphoneos;
				SWIFT_OPTIMIZATION_LEVEL = "-Onone";
			};
			name = Debug;
		};
		A1E451E21BC7FD53000A6675 /* Release */ = {
			isa = XCBuildConfiguration;
			buildSettings = {
				ALWAYS_SEARCH_USER_PATHS = NO;
				CLANG_CXX_LANGUAGE_STANDARD = "gnu++0x";
				CLANG_CXX_LIBRARY = "libc++";
				CLANG_ENABLE_MODULES = YES;
				CLANG_ENABLE_OBJC_ARC = YES;
				CLANG_WARN_BOOL_CONVERSION = YES;
				CLANG_WARN_CONSTANT_CONVERSION = YES;
				CLANG_WARN_DIRECT_OBJC_ISA_USAGE = YES_ERROR;
				CLANG_WARN_EMPTY_BODY = YES;
				CLANG_WARN_ENUM_CONVERSION = YES;
				CLANG_WARN_INT_CONVERSION = YES;
				CLANG_WARN_OBJC_ROOT_CLASS = YES_ERROR;
				CLANG_WARN_UNREACHABLE_CODE = YES;
				CLANG_WARN__DUPLICATE_METHOD_MATCH = YES;
				"CODE_SIGN_IDENTITY[sdk=iphoneos*]" = "iPhone Developer";
				COPY_PHASE_STRIP = NO;
				DEBUG_INFORMATION_FORMAT = "dwarf-with-dsym";
				ENABLE_NS_ASSERTIONS = NO;
				ENABLE_STRICT_OBJC_MSGSEND = YES;
				GCC_C_LANGUAGE_STANDARD = gnu99;
				GCC_NO_COMMON_BLOCKS = YES;
				GCC_WARN_64_TO_32_BIT_CONVERSION = YES;
				GCC_WARN_ABOUT_RETURN_TYPE = YES_ERROR;
				GCC_WARN_UNDECLARED_SELECTOR = YES;
				GCC_WARN_UNINITIALIZED_AUTOS = YES_AGGRESSIVE;
				GCC_WARN_UNUSED_FUNCTION = YES;
				GCC_WARN_UNUSED_VARIABLE = YES;
				IPHONEOS_DEPLOYMENT_TARGET = 9.0;
				MTL_ENABLE_DEBUG_INFO = NO;
				SDKROOT = iphoneos;
				VALIDATE_PRODUCT = YES;
			};
			name = Release;
		};
		A1E451E41BC7FD53000A6675 /* Debug */ = {
			isa = XCBuildConfiguration;
			buildSettings = {
				ASSETCATALOG_COMPILER_COMPLICATION_NAME = Complication;
				CODE_SIGN_IDENTITY = "iPhone Developer";
				INFOPLIST_FILE = "Seconds WatchKit Extension/Info.plist";
				LD_RUNPATH_SEARCH_PATHS = "$(inherited) @executable_path/Frameworks @executable_path/../../Frameworks";
				PRODUCT_BUNDLE_IDENTIFIER = self.edu.Seconds.watchkitapp.watchkitextension;
				PRODUCT_NAME = "${TARGET_NAME}";
				SDKROOT = watchos;
				SKIP_INSTALL = YES;
				TARGETED_DEVICE_FAMILY = 4;
				WATCHOS_DEPLOYMENT_TARGET = 2.0;
			};
			name = Debug;
		};
		A1E451E51BC7FD53000A6675 /* Release */ = {
			isa = XCBuildConfiguration;
			buildSettings = {
				ASSETCATALOG_COMPILER_COMPLICATION_NAME = Complication;
				CODE_SIGN_IDENTITY = "iPhone Developer";
				INFOPLIST_FILE = "Seconds WatchKit Extension/Info.plist";
				LD_RUNPATH_SEARCH_PATHS = "$(inherited) @executable_path/Frameworks @executable_path/../../Frameworks";
				PRODUCT_BUNDLE_IDENTIFIER = self.edu.Seconds.watchkitapp.watchkitextension;
				PRODUCT_NAME = "${TARGET_NAME}";
				SDKROOT = watchos;
				SKIP_INSTALL = YES;
				TARGETED_DEVICE_FAMILY = 4;
				WATCHOS_DEPLOYMENT_TARGET = 2.0;
			};
			name = Release;
		};
		A1E451E81BC7FD53000A6675 /* Debug */ = {
			isa = XCBuildConfiguration;
			buildSettings = {
				ASSETCATALOG_COMPILER_APPICON_NAME = AppIcon;
				CODE_SIGN_IDENTITY = "iPhone Developer";
				EMBEDDED_CONTENT_CONTAINS_SWIFT = YES;
				IBSC_MODULE = Seconds_WatchKit_Extension;
				INFOPLIST_FILE = "Seconds WatchKit App/Info.plist";
				PRODUCT_BUNDLE_IDENTIFIER = self.edu.Seconds.watchkitapp;
				PRODUCT_NAME = "$(TARGET_NAME)";
				SDKROOT = watchos;
				SKIP_INSTALL = YES;
				TARGETED_DEVICE_FAMILY = 4;
				WATCHOS_DEPLOYMENT_TARGET = 2.0;
			};
			name = Debug;
		};
		A1E451E91BC7FD53000A6675 /* Release */ = {
			isa = XCBuildConfiguration;
			buildSettings = {
				ASSETCATALOG_COMPILER_APPICON_NAME = AppIcon;
				CODE_SIGN_IDENTITY = "iPhone Developer";
				EMBEDDED_CONTENT_CONTAINS_SWIFT = YES;
				IBSC_MODULE = Seconds_WatchKit_Extension;
				INFOPLIST_FILE = "Seconds WatchKit App/Info.plist";
				PRODUCT_BUNDLE_IDENTIFIER = self.edu.Seconds.watchkitapp;
				PRODUCT_NAME = "$(TARGET_NAME)";
				SDKROOT = watchos;
				SKIP_INSTALL = YES;
				TARGETED_DEVICE_FAMILY = 4;
				WATCHOS_DEPLOYMENT_TARGET = 2.0;
			};
			name = Release;
		};
		A1E451EC1BC7FD53000A6675 /* Debug */ = {
			isa = XCBuildConfiguration;
			buildSettings = {
				ASSETCATALOG_COMPILER_APPICON_NAME = AppIcon;
				CODE_SIGN_IDENTITY = "iPhone Developer";
				INFOPLIST_FILE = Seconds/Info.plist;
				IPHONEOS_DEPLOYMENT_TARGET = 9.0;
				LD_RUNPATH_SEARCH_PATHS = "$(inherited) @executable_path/Frameworks";
				PRODUCT_BUNDLE_IDENTIFIER = self.edu.Seconds;
				PRODUCT_NAME = "$(TARGET_NAME)";
			};
			name = Debug;
		};
		A1E451ED1BC7FD53000A6675 /* Release */ = {
			isa = XCBuildConfiguration;
			buildSettings = {
				ASSETCATALOG_COMPILER_APPICON_NAME = AppIcon;
				CODE_SIGN_IDENTITY = "iPhone Developer";
				INFOPLIST_FILE = Seconds/Info.plist;
				IPHONEOS_DEPLOYMENT_TARGET = 9.0;
				LD_RUNPATH_SEARCH_PATHS = "$(inherited) @executable_path/Frameworks";
				PRODUCT_BUNDLE_IDENTIFIER = self.edu.Seconds;
				PRODUCT_NAME = "$(TARGET_NAME)";
			};
			name = Release;
		};
		A1EA11761BE2F44700B07236 /* Debug */ = {
			isa = XCBuildConfiguration;
			buildSettings = {
				ASSETCATALOG_COMPILER_APPICON_NAME = "App Icon & Top Shelf Image";
				ASSETCATALOG_COMPILER_LAUNCHIMAGE_NAME = LaunchImage;
				CODE_SIGN_IDENTITY = "iPhone Developer";
				"CODE_SIGN_IDENTITY[sdk=appletvos*]" = "iPhone Developer";
				INFOPLIST_FILE = SecondsTV/Info.plist;
				LD_RUNPATH_SEARCH_PATHS = "$(inherited) @executable_path/Frameworks";
				PRODUCT_BUNDLE_IDENTIFIER = self.edu.SecondsTV;
				PRODUCT_NAME = "$(TARGET_NAME)";
				PROVISIONING_PROFILE = "";
				SDKROOT = appletvos;
				TARGETED_DEVICE_FAMILY = 3;
				TVOS_DEPLOYMENT_TARGET = 9.0;
			};
			name = Debug;
		};
		A1EA11771BE2F44700B07236 /* Release */ = {
			isa = XCBuildConfiguration;
			buildSettings = {
				ASSETCATALOG_COMPILER_APPICON_NAME = "App Icon & Top Shelf Image";
				ASSETCATALOG_COMPILER_LAUNCHIMAGE_NAME = LaunchImage;
				CODE_SIGN_IDENTITY = "iPhone Developer";
				"CODE_SIGN_IDENTITY[sdk=appletvos*]" = "iPhone Developer";
				INFOPLIST_FILE = SecondsTV/Info.plist;
				LD_RUNPATH_SEARCH_PATHS = "$(inherited) @executable_path/Frameworks";
				PRODUCT_BUNDLE_IDENTIFIER = self.edu.SecondsTV;
				PRODUCT_NAME = "$(TARGET_NAME)";
				PROVISIONING_PROFILE = "";
				SDKROOT = appletvos;
				TARGETED_DEVICE_FAMILY = 3;
				TVOS_DEPLOYMENT_TARGET = 9.0;
			};
			name = Release;
		};
/* End XCBuildConfiguration section */

/* Begin XCConfigurationList section */
		A1E451A71BC7FD53000A6675 /* Build configuration list for PBXProject "Seconds" */ = {
			isa = XCConfigurationList;
			buildConfigurations = (
				A1E451E11BC7FD53000A6675 /* Debug */,
				A1E451E21BC7FD53000A6675 /* Release */,
			);
			defaultConfigurationIsVisible = 0;
			defaultConfigurationName = Release;
		};
		A1E451E31BC7FD53000A6675 /* Build configuration list for PBXNativeTarget "Seconds WatchKit Extension" */ = {
			isa = XCConfigurationList;
			buildConfigurations = (
				A1E451E41BC7FD53000A6675 /* Debug */,
				A1E451E51BC7FD53000A6675 /* Release */,
			);
			defaultConfigurationIsVisible = 0;
			defaultConfigurationName = Release;
		};
		A1E451E71BC7FD53000A6675 /* Build configuration list for PBXNativeTarget "Seconds WatchKit App" */ = {
			isa = XCConfigurationList;
			buildConfigurations = (
				A1E451E81BC7FD53000A6675 /* Debug */,
				A1E451E91BC7FD53000A6675 /* Release */,
			);
			defaultConfigurationIsVisible = 0;
			defaultConfigurationName = Release;
		};
		A1E451EB1BC7FD53000A6675 /* Build configuration list for PBXNativeTarget "Seconds" */ = {
			isa = XCConfigurationList;
			buildConfigurations = (
				A1E451EC1BC7FD53000A6675 /* Debug */,
				A1E451ED1BC7FD53000A6675 /* Release */,
			);
			defaultConfigurationIsVisible = 0;
			defaultConfigurationName = Release;
		};
		A1EA11751BE2F44700B07236 /* Build configuration list for PBXNativeTarget "SecondsTV" */ = {
			isa = XCConfigurationList;
			buildConfigurations = (
				A1EA11761BE2F44700B07236 /* Debug */,
				A1EA11771BE2F44700B07236 /* Release */,
			);
			defaultConfigurationIsVisible = 0;
			defaultConfigurationName = Release;
		};
/* End XCConfigurationList section */

/* Begin XCVersionGroup section */
		A1EA116C1BE2F44600B07236 /* SecondsTV.xcdatamodeld */ = {
			isa = XCVersionGroup;
			children = (
				A1EA116D1BE2F44600B07236 /* SecondsTV.xcdatamodel */,
			);
			currentVersion = A1EA116D1BE2F44600B07236 /* SecondsTV.xcdatamodel */;
			path = SecondsTV.xcdatamodeld;
			sourceTree = "<group>";
			versionGroupType = wrapper.xcdatamodel;
		};
/* End XCVersionGroup section */
	};
	rootObject = A1E451A41BC7FD53000A6675 /* Project object */;
}
